
Microsoft Visual Studio Solution File, Format Version 12.00
# Visual Studio Version 16
VisualStudioVersion = 16.0.29509.3
MinimumVisualStudioVersion = 10.0.40219.1
Project("{FAE04EC0-301F-11D3-BF4B-00C04F79EFBC}") = "ClassLibrary2", "ClassLibrary2\ClassLibrary2.csproj", "{947074A8-615E-4943-9547-56EA849EF218}"
EndProject
Project("{FAE04EC0-301F-11D3-BF4B-00C04F79EFBC}") = "ClassLibrary2Tests", "ClassLibrary2Tests\ClassLibrary2Tests.csproj", "{8521A370-EEDA-4F3E-9E4D-B8F1E6F1688A}"
EndProject
Global
	GlobalSection(SolutionConfigurationPlatforms) = preSolution
		Debug|Any CPU = Debug|Any CPU
		Release|Any CPU = Release|Any CPU
	EndGlobalSection
	GlobalSection(ProjectConfigurationPlatforms) = postSolution
		{947074A8-615E-4943-9547-56EA849EF218}.Debug|Any CPU.ActiveCfg = Debug|Any CPU
		{947074A8-615E-4943-9547-56EA849EF218}.Debug|Any CPU.Build.0 = Debug|Any CPU
		{947074A8-615E-4943-9547-56EA849EF218}.Release|Any CPU.ActiveCfg = Release|Any CPU
		{947074A8-615E-4943-9547-56EA849EF218}.Release|Any CPU.Build.0 = Release|Any CPU
		{8521A370-EEDA-4F3E-9E4D-B8F1E6F1688A}.Debug|Any CPU.ActiveCfg = Debug|Any CPU
		{8521A370-EEDA-4F3E-9E4D-B8F1E6F1688A}.Debug|Any CPU.Build.0 = Debug|Any CPU
		{8521A370-EEDA-4F3E-9E4D-B8F1E6F1688A}.Release|Any CPU.ActiveCfg = Release|Any CPU
		{8521A370-EEDA-4F3E-9E4D-B8F1E6F1688A}.Release|Any CPU.Build.0 = Release|Any CPU
	EndGlobalSection
	GlobalSection(SolutionProperties) = preSolution
		HideSolutionNode = FALSE
	EndGlobalSection
	GlobalSection(ExtensibilityGlobals) = postSolution
		SolutionGuid = {CAC18340-64E5-452D-8B2A-612FC6BE02CF}
	EndGlobalSection
EndGlobal
